
Microsoft Visual Studio Solution File, Format Version 12.00
# Visual Studio Version 16
VisualStudioVersion = 16.0.30804.86
MinimumVisualStudioVersion = 10.0.40219.1
Project("{FAE04EC0-301F-11D3-BF4B-00C04F79EFBC}") = "BinaryTreeSearch", "BinaryTreeSearch\BinaryTreeSearch.csproj", "{ABF752F3-6863-4255-9ADC-EDB63F3F4BBA}"
EndProject
Project("{FAE04EC0-301F-11D3-BF4B-00C04F79EFBC}") = "BinaryTree", "BinaryTree\BinaryTree.csproj", "{AB20849D-6405-45A9-AA14-782478E72054}"
EndProject
Global
	GlobalSection(SolutionConfigurationPlatforms) = preSolution
		Debug|Any CPU = Debug|Any CPU
		Release|Any CPU = Release|Any CPU
	EndGlobalSection
	GlobalSection(ProjectConfigurationPlatforms) = postSolution
		{ABF752F3-6863-4255-9ADC-EDB63F3F4BBA}.Debug|Any CPU.ActiveCfg = Debug|Any CPU
		{ABF752F3-6863-4255-9ADC-EDB63F3F4BBA}.Debug|Any CPU.Build.0 = Debug|Any CPU
		{ABF752F3-6863-4255-9ADC-EDB63F3F4BBA}.Release|Any CPU.ActiveCfg = Release|Any CPU
		{ABF752F3-6863-4255-9ADC-EDB63F3F4BBA}.Release|Any CPU.Build.0 = Release|Any CPU
		{AB20849D-6405-45A9-AA14-782478E72054}.Debug|Any CPU.ActiveCfg = Debug|Any CPU
		{AB20849D-6405-45A9-AA14-782478E72054}.Debug|Any CPU.Build.0 = Debug|Any CPU
		{AB20849D-6405-45A9-AA14-782478E72054}.Release|Any CPU.ActiveCfg = Release|Any CPU
		{AB20849D-6405-45A9-AA14-782478E72054}.Release|Any CPU.Build.0 = Release|Any CPU
	EndGlobalSection
	GlobalSection(SolutionProperties) = preSolution
		HideSolutionNode = FALSE
	EndGlobalSection
	GlobalSection(ExtensibilityGlobals) = postSolution
		SolutionGuid = {7D852DE1-5ABA-40FA-8830-CE1602FB7EEB}
	EndGlobalSection
EndGlobal
